# This file is automatically @generated by Poetry 1.7.0 and should not be changed by hand.

[[package]]
name = "dependency-project"
version = "0.2.0"
description = ""
optional = false
python-versions = ">=3.9"
files = []
develop = false

[package.source]
type = "directory"
url = "../dependency_project"

[metadata]
lock-version = "2.0"
python-versions = "^3.9"
content-hash = "9be42e714e85a320a31aa2a3776985ee45eead8930b5b2795367e923e5ed94c3"
